
Microsoft Visual Studio Solution File, Format Version 12.00
# Visual Studio 15
VisualStudioVersion = 15.0.28307.102
MinimumVisualStudioVersion = 10.0.40219.1
Project("{FAE04EC0-301F-11D3-BF4B-00C04F79EFBC}") = "lab 2.1", "lab 2.1\lab 2.1.csproj", "{B33870EA-57DB-4FA3-9FEE-05558B48427D}"
EndProject
Global
	GlobalSection(SolutionConfigurationPlatforms) = preSolution
		Debug|Any CPU = Debug|Any CPU
		Release|Any CPU = Release|Any CPU
	EndGlobalSection
	GlobalSection(ProjectConfigurationPlatforms) = postSolution
		{B33870EA-57DB-4FA3-9FEE-05558B48427D}.Debug|Any CPU.ActiveCfg = Debug|Any CPU
		{B33870EA-57DB-4FA3-9FEE-05558B48427D}.Debug|Any CPU.Build.0 = Debug|Any CPU
		{B33870EA-57DB-4FA3-9FEE-05558B48427D}.Release|Any CPU.ActiveCfg = Release|Any CPU
		{B33870EA-57DB-4FA3-9FEE-05558B48427D}.Release|Any CPU.Build.0 = Release|Any CPU
	EndGlobalSection
	GlobalSection(SolutionProperties) = preSolution
		HideSolutionNode = FALSE
	EndGlobalSection
	GlobalSection(ExtensibilityGlobals) = postSolution
		SolutionGuid = {E873B79C-97BB-4E29-A0D8-99291BC2BE5E}
	EndGlobalSection
EndGlobal
